
Microsoft Visual Studio Solution File, Format Version 12.00
# Visual Studio 15
VisualStudioVersion = 15.0.26403.3
MinimumVisualStudioVersion = 10.0.40219.1
Project("{FAE04EC0-301F-11D3-BF4B-00C04F79EFBC}") = "BarEventsTakeDeux", "BarEventsTakeDeux\BarEventsTakeDeux.csproj", "{1B3BC3D6-7674-437D-9863-8A9CA0C29A1A}"
EndProject
Global
	GlobalSection(SolutionConfigurationPlatforms) = preSolution
		Debug|Any CPU = Debug|Any CPU
		Release|Any CPU = Release|Any CPU
	EndGlobalSection
	GlobalSection(ProjectConfigurationPlatforms) = postSolution
		{1B3BC3D6-7674-437D-9863-8A9CA0C29A1A}.Debug|Any CPU.ActiveCfg = Debug|Any CPU
		{1B3BC3D6-7674-437D-9863-8A9CA0C29A1A}.Debug|Any CPU.Build.0 = Debug|Any CPU
		{1B3BC3D6-7674-437D-9863-8A9CA0C29A1A}.Release|Any CPU.ActiveCfg = Release|Any CPU
		{1B3BC3D6-7674-437D-9863-8A9CA0C29A1A}.Release|Any CPU.Build.0 = Release|Any CPU
	EndGlobalSection
	GlobalSection(SolutionProperties) = preSolution
		HideSolutionNode = FALSE
	EndGlobalSection
EndGlobal
